// !$*UTF8*$!
{
	archiveVersion = 1;
	classes = {
	};
	objectVersion = 56;
	objects = {

/* Begin PBXBuildFile section */
		60B7F2D82B5EA557005A3D96 /* AirDndApp.swift in Sources */ = {isa = PBXBuildFile; fileRef = 60B7F2D72B5EA557005A3D96 /* AirDndApp.swift */; };
		60B7F2DA2B5EA557005A3D96 /* ContentView.swift in Sources */ = {isa = PBXBuildFile; fileRef = 60B7F2D92B5EA557005A3D96 /* ContentView.swift */; };
		60B7F2DC2B5EA559005A3D96 /* Assets.xcassets in Resources */ = {isa = PBXBuildFile; fileRef = 60B7F2DB2B5EA559005A3D96 /* Assets.xcassets */; };
		60B7F2DF2B5EA559005A3D96 /* Preview Assets.xcassets in Resources */ = {isa = PBXBuildFile; fileRef = 60B7F2DE2B5EA559005A3D96 /* Preview Assets.xcassets */; };
		60B7F2F32B5EABAE005A3D96 /* ExploreView.swift in Sources */ = {isa = PBXBuildFile; fileRef = 60B7F2F22B5EABAE005A3D96 /* ExploreView.swift */; };
		60B7F2F52B5EAD2C005A3D96 /* ListingItemView.swift in Sources */ = {isa = PBXBuildFile; fileRef = 60B7F2F42B5EAD2C005A3D96 /* ListingItemView.swift */; };
		60B7F2F82B5EFCF3005A3D96 /* SearchAndFilterBar.swift in Sources */ = {isa = PBXBuildFile; fileRef = 60B7F2F72B5EFCF3005A3D96 /* SearchAndFilterBar.swift */; };
		60B7F2FA2B5FE420005A3D96 /* ListingDetailView.swift in Sources */ = {isa = PBXBuildFile; fileRef = 60B7F2F92B5FE420005A3D96 /* ListingDetailView.swift */; };
		60B7F2FD2B5FE4E1005A3D96 /* ListingImageCarouselView.swift in Sources */ = {isa = PBXBuildFile; fileRef = 60B7F2FC2B5FE4E1005A3D96 /* ListingImageCarouselView.swift */; };
		60B7F2FF2B5FE70A005A3D96 /* RatingView.swift in Sources */ = {isa = PBXBuildFile; fileRef = 60B7F2FE2B5FE70A005A3D96 /* RatingView.swift */; };
/* End PBXBuildFile section */

/* Begin PBXFileReference section */
		60B7F2D42B5EA557005A3D96 /* AirDnd.app */ = {isa = PBXFileReference; explicitFileType = wrapper.application; includeInIndex = 0; path = AirDnd.app; sourceTree = BUILT_PRODUCTS_DIR; };
		60B7F2D72B5EA557005A3D96 /* AirDndApp.swift */ = {isa = PBXFileReference; lastKnownFileType = sourcecode.swift; path = AirDndApp.swift; sourceTree = "<group>"; };
		60B7F2D92B5EA557005A3D96 /* ContentView.swift */ = {isa = PBXFileReference; lastKnownFileType = sourcecode.swift; path = ContentView.swift; sourceTree = "<group>"; };
		60B7F2DB2B5EA559005A3D96 /* Assets.xcassets */ = {isa = PBXFileReference; lastKnownFileType = folder.assetcatalog; path = Assets.xcassets; sourceTree = "<group>"; };
		60B7F2DE2B5EA559005A3D96 /* Preview Assets.xcassets */ = {isa = PBXFileReference; lastKnownFileType = folder.assetcatalog; path = "Preview Assets.xcassets"; sourceTree = "<group>"; };
		60B7F2F22B5EABAE005A3D96 /* ExploreView.swift */ = {isa = PBXFileReference; lastKnownFileType = sourcecode.swift; path = ExploreView.swift; sourceTree = "<group>"; };
		60B7F2F42B5EAD2C005A3D96 /* ListingItemView.swift */ = {isa = PBXFileReference; lastKnownFileType = sourcecode.swift; path = ListingItemView.swift; sourceTree = "<group>"; };
		60B7F2F72B5EFCF3005A3D96 /* SearchAndFilterBar.swift */ = {isa = PBXFileReference; lastKnownFileType = sourcecode.swift; path = SearchAndFilterBar.swift; sourceTree = "<group>"; };
		60B7F2F92B5FE420005A3D96 /* ListingDetailView.swift */ = {isa = PBXFileReference; lastKnownFileType = sourcecode.swift; path = ListingDetailView.swift; sourceTree = "<group>"; };
		60B7F2FC2B5FE4E1005A3D96 /* ListingImageCarouselView.swift */ = {isa = PBXFileReference; lastKnownFileType = sourcecode.swift; path = ListingImageCarouselView.swift; sourceTree = "<group>"; };
		60B7F2FE2B5FE70A005A3D96 /* RatingView.swift */ = {isa = PBXFileReference; lastKnownFileType = sourcecode.swift; path = RatingView.swift; sourceTree = "<group>"; };
/* End PBXFileReference section */

/* Begin PBXFrameworksBuildPhase section */
		60B7F2D12B5EA557005A3D96 /* Frameworks */ = {
			isa = PBXFrameworksBuildPhase;
			buildActionMask = 2147483647;
			files = (
			);
			runOnlyForDeploymentPostprocessing = 0;
		};
/* End PBXFrameworksBuildPhase section */

/* Begin PBXGroup section */
		60B7F2CB2B5EA557005A3D96 = {
			isa = PBXGroup;
			children = (
				60B7F2D62B5EA557005A3D96 /* AirDnd */,
				60B7F2D52B5EA557005A3D96 /* Products */,
			);
			sourceTree = "<group>";
		};
		60B7F2D52B5EA557005A3D96 /* Products */ = {
			isa = PBXGroup;
			children = (
				60B7F2D42B5EA557005A3D96 /* AirDnd.app */,
			);
			name = Products;
			sourceTree = "<group>";
		};
		60B7F2D62B5EA557005A3D96 /* AirDnd */ = {
			isa = PBXGroup;
			children = (
				60B7F2E52B5EA752005A3D96 /* App */,
				60B7F2E62B5EAA33005A3D96 /* Core */,
				60B7F2E72B5EAA42005A3D96 /* Extensions */,
				60B7F2E82B5EAA5E005A3D96 /* Models */,
				60B7F2E92B5EAA68005A3D96 /* Utils */,
				60B7F2D92B5EA557005A3D96 /* ContentView.swift */,
				60B7F2DB2B5EA559005A3D96 /* Assets.xcassets */,
				60B7F2DD2B5EA559005A3D96 /* Preview Content */,
			);
			path = AirDnd;
			sourceTree = "<group>";
		};
		60B7F2DD2B5EA559005A3D96 /* Preview Content */ = {
			isa = PBXGroup;
			children = (
				60B7F2DE2B5EA559005A3D96 /* Preview Assets.xcassets */,
			);
			path = "Preview Content";
			sourceTree = "<group>";
		};
		60B7F2E52B5EA752005A3D96 /* App */ = {
			isa = PBXGroup;
			children = (
				60B7F2D72B5EA557005A3D96 /* AirDndApp.swift */,
			);
			path = App;
			sourceTree = "<group>";
		};
		60B7F2E62B5EAA33005A3D96 /* Core */ = {
			isa = PBXGroup;
			children = (
				60B7F2FB2B5FE4B2005A3D96 /* Components */,
				60B7F2EA2B5EAAC9005A3D96 /* Explore */,
				60B7F2EB2B5EAAD1005A3D96 /* Listings */,
				60B7F2EC2B5EAADD005A3D96 /* MapView */,
				60B7F2ED2B5EAAE6005A3D96 /* Profile */,
				60B7F2EE2B5EAB08005A3D96 /* Root */,
				60B7F2EF2B5EAB12005A3D96 /* TabBar */,
				60B7F2F02B5EAB1B005A3D96 /* Wishlists */,
			);
			path = Core;
			sourceTree = "<group>";
		};
		60B7F2E72B5EAA42005A3D96 /* Extensions */ = {
			isa = PBXGroup;
			children = (
			);
			path = Extensions;
			sourceTree = "<group>";
		};
		60B7F2E82B5EAA5E005A3D96 /* Models */ = {
			isa = PBXGroup;
			children = (
			);
			path = Models;
			sourceTree = "<group>";
		};
		60B7F2E92B5EAA68005A3D96 /* Utils */ = {
			isa = PBXGroup;
			children = (
			);
			path = Utils;
			sourceTree = "<group>";
		};
		60B7F2EA2B5EAAC9005A3D96 /* Explore */ = {
			isa = PBXGroup;
			children = (
				60B7F2F62B5EFCD8005A3D96 /* Components */,
				60B7F2F22B5EABAE005A3D96 /* ExploreView.swift */,
			);
			path = Explore;
			sourceTree = "<group>";
		};
		60B7F2EB2B5EAAD1005A3D96 /* Listings */ = {
			isa = PBXGroup;
			children = (
				60B7F2F42B5EAD2C005A3D96 /* ListingItemView.swift */,
				60B7F2F92B5FE420005A3D96 /* ListingDetailView.swift */,
			);
			path = Listings;
			sourceTree = "<group>";
		};
		60B7F2EC2B5EAADD005A3D96 /* MapView */ = {
			isa = PBXGroup;
			children = (
			);
			path = MapView;
			sourceTree = "<group>";
		};
		60B7F2ED2B5EAAE6005A3D96 /* Profile */ = {
			isa = PBXGroup;
			children = (
			);
			path = Profile;
			sourceTree = "<group>";
		};
		60B7F2EE2B5EAB08005A3D96 /* Root */ = {
			isa = PBXGroup;
			children = (
			);
			path = Root;
			sourceTree = "<group>";
		};
		60B7F2EF2B5EAB12005A3D96 /* TabBar */ = {
			isa = PBXGroup;
			children = (
			);
			path = TabBar;
			sourceTree = "<group>";
		};
		60B7F2F02B5EAB1B005A3D96 /* Wishlists */ = {
			isa = PBXGroup;
			children = (
			);
			path = Wishlists;
			sourceTree = "<group>";
		};
		60B7F2F62B5EFCD8005A3D96 /* Components */ = {
			isa = PBXGroup;
			children = (
				60B7F2F72B5EFCF3005A3D96 /* SearchAndFilterBar.swift */,
			);
			path = Components;
			sourceTree = "<group>";
		};
		60B7F2FB2B5FE4B2005A3D96 /* Components */ = {
			isa = PBXGroup;
			children = (
				60B7F2FC2B5FE4E1005A3D96 /* ListingImageCarouselView.swift */,
				60B7F2FE2B5FE70A005A3D96 /* RatingView.swift */,
			);
			path = Components;
			sourceTree = "<group>";
		};
/* End PBXGroup section */

/* Begin PBXNativeTarget section */
		60B7F2D32B5EA557005A3D96 /* AirDnd */ = {
			isa = PBXNativeTarget;
			buildConfigurationList = 60B7F2E22B5EA559005A3D96 /* Build configuration list for PBXNativeTarget "AirDnd" */;
			buildPhases = (
				60B7F2D02B5EA557005A3D96 /* Sources */,
				60B7F2D12B5EA557005A3D96 /* Frameworks */,
				60B7F2D22B5EA557005A3D96 /* Resources */,
			);
			buildRules = (
			);
			dependencies = (
			);
			name = AirDnd;
			productName = AirDnd;
			productReference = 60B7F2D42B5EA557005A3D96 /* AirDnd.app */;
			productType = "com.apple.product-type.application";
		};
/* End PBXNativeTarget section */

/* Begin PBXProject section */
		60B7F2CC2B5EA557005A3D96 /* Project object */ = {
			isa = PBXProject;
			attributes = {
				BuildIndependentTargetsInParallel = 1;
				LastSwiftUpdateCheck = 1420;
				LastUpgradeCheck = 1420;
				TargetAttributes = {
					60B7F2D32B5EA557005A3D96 = {
						CreatedOnToolsVersion = 14.2;
					};
				};
			};
			buildConfigurationList = 60B7F2CF2B5EA557005A3D96 /* Build configuration list for PBXProject "AirDnd" */;
			compatibilityVersion = "Xcode 14.0";
			developmentRegion = en;
			hasScannedForEncodings = 0;
			knownRegions = (
				en,
				Base,
			);
			mainGroup = 60B7F2CB2B5EA557005A3D96;
			productRefGroup = 60B7F2D52B5EA557005A3D96 /* Products */;
			projectDirPath = "";
			projectRoot = "";
			targets = (
				60B7F2D32B5EA557005A3D96 /* AirDnd */,
			);
		};
/* End PBXProject section */

/* Begin PBXResourcesBuildPhase section */
		60B7F2D22B5EA557005A3D96 /* Resources */ = {
			isa = PBXResourcesBuildPhase;
			buildActionMask = 2147483647;
			files = (
				60B7F2DF2B5EA559005A3D96 /* Preview Assets.xcassets in Resources */,
				60B7F2DC2B5EA559005A3D96 /* Assets.xcassets in Resources */,
			);
			runOnlyForDeploymentPostprocessing = 0;
		};
/* End PBXResourcesBuildPhase section */

/* Begin PBXSourcesBuildPhase section */
		60B7F2D02B5EA557005A3D96 /* Sources */ = {
			isa = PBXSourcesBuildPhase;
			buildActionMask = 2147483647;
			files = (
				60B7F2FD2B5FE4E1005A3D96 /* ListingImageCarouselView.swift in Sources */,
				60B7F2DA2B5EA557005A3D96 /* ContentView.swift in Sources */,
				60B7F2F52B5EAD2C005A3D96 /* ListingItemView.swift in Sources */,
				60B7F2FF2B5FE70A005A3D96 /* RatingView.swift in Sources */,
				60B7F2F32B5EABAE005A3D96 /* ExploreView.swift in Sources */,
				60B7F2F82B5EFCF3005A3D96 /* SearchAndFilterBar.swift in Sources */,
				60B7F2FA2B5FE420005A3D96 /* ListingDetailView.swift in Sources */,
				60B7F2D82B5EA557005A3D96 /* AirDndApp.swift in Sources */,
			);
			runOnlyForDeploymentPostprocessing = 0;
		};
/* End PBXSourcesBuildPhase section */

/* Begin XCBuildConfiguration section */
		60B7F2E02B5EA559005A3D96 /* Debug */ = {
			isa = XCBuildConfiguration;
			buildSettings = {
				ALWAYS_SEARCH_USER_PATHS = NO;
				CLANG_ANALYZER_NONNULL = YES;
				CLANG_ANALYZER_NUMBER_OBJECT_CONVERSION = YES_AGGRESSIVE;
				CLANG_CXX_LANGUAGE_STANDARD = "gnu++20";
				CLANG_ENABLE_MODULES = YES;
				CLANG_ENABLE_OBJC_ARC = YES;
				CLANG_ENABLE_OBJC_WEAK = YES;
				CLANG_WARN_BLOCK_CAPTURE_AUTORELEASING = YES;
				CLANG_WARN_BOOL_CONVERSION = YES;
				CLANG_WARN_COMMA = YES;
				CLANG_WARN_CONSTANT_CONVERSION = YES;
				CLANG_WARN_DEPRECATED_OBJC_IMPLEMENTATIONS = YES;
				CLANG_WARN_DIRECT_OBJC_ISA_USAGE = YES_ERROR;
				CLANG_WARN_DOCUMENTATION_COMMENTS = YES;
				CLANG_WARN_EMPTY_BODY = YES;
				CLANG_WARN_ENUM_CONVERSION = YES;
				CLANG_WARN_INFINITE_RECURSION = YES;
				CLANG_WARN_INT_CONVERSION = YES;
				CLANG_WARN_NON_LITERAL_NULL_CONVERSION = YES;
				CLANG_WARN_OBJC_IMPLICIT_RETAIN_SELF = YES;
				CLANG_WARN_OBJC_LITERAL_CONVERSION = YES;
				CLANG_WARN_OBJC_ROOT_CLASS = YES_ERROR;
				CLANG_WARN_QUOTED_INCLUDE_IN_FRAMEWORK_HEADER = YES;
				CLANG_WARN_RANGE_LOOP_ANALYSIS = YES;
				CLANG_WARN_STRICT_PROTOTYPES = YES;
				CLANG_WARN_SUSPICIOUS_MOVE = YES;
				CLANG_WARN_UNGUARDED_AVAILABILITY = YES_AGGRESSIVE;
				CLANG_WARN_UNREACHABLE_CODE = YES;
				CLANG_WARN__DUPLICATE_METHOD_MATCH = YES;
				COPY_PHASE_STRIP = NO;
				DEBUG_INFORMATION_FORMAT = dwarf;
				ENABLE_STRICT_OBJC_MSGSEND = YES;
				ENABLE_TESTABILITY = YES;
				GCC_C_LANGUAGE_STANDARD = gnu11;
				GCC_DYNAMIC_NO_PIC = NO;
				GCC_NO_COMMON_BLOCKS = YES;
				GCC_OPTIMIZATION_LEVEL = 0;
				GCC_PREPROCESSOR_DEFINITIONS = (
					"DEBUG=1",
					"$(inherited)",
				);
				GCC_WARN_64_TO_32_BIT_CONVERSION = YES;
				GCC_WARN_ABOUT_RETURN_TYPE = YES_ERROR;
				GCC_WARN_UNDECLARED_SELECTOR = YES;
				GCC_WARN_UNINITIALIZED_AUTOS = YES_AGGRESSIVE;
				GCC_WARN_UNUSED_FUNCTION = YES;
				GCC_WARN_UNUSED_VARIABLE = YES;
				IPHONEOS_DEPLOYMENT_TARGET = 16.2;
				MTL_ENABLE_DEBUG_INFO = INCLUDE_SOURCE;
				MTL_FAST_MATH = YES;
				ONLY_ACTIVE_ARCH = YES;
				SDKROOT = iphoneos;
				SWIFT_ACTIVE_COMPILATION_CONDITIONS = DEBUG;
				SWIFT_OPTIMIZATION_LEVEL = "-Onone";
			};
			name = Debug;
		};
		60B7F2E12B5EA559005A3D96 /* Release */ = {
			isa = XCBuildConfiguration;
			buildSettings = {
				ALWAYS_SEARCH_USER_PATHS = NO;
				CLANG_ANALYZER_NONNULL = YES;
				CLANG_ANALYZER_NUMBER_OBJECT_CONVERSION = YES_AGGRESSIVE;
				CLANG_CXX_LANGUAGE_STANDARD = "gnu++20";
				CLANG_ENABLE_MODULES = YES;
				CLANG_ENABLE_OBJC_ARC = YES;
				CLANG_ENABLE_OBJC_WEAK = YES;
				CLANG_WARN_BLOCK_CAPTURE_AUTORELEASING = YES;
				CLANG_WARN_BOOL_CONVERSION = YES;
				CLANG_WARN_COMMA = YES;
				CLANG_WARN_CONSTANT_CONVERSION = YES;
				CLANG_WARN_DEPRECATED_OBJC_IMPLEMENTATIONS = YES;
				CLANG_WARN_DIRECT_OBJC_ISA_USAGE = YES_ERROR;
				CLANG_WARN_DOCUMENTATION_COMMENTS = YES;
				CLANG_WARN_EMPTY_BODY = YES;
				CLANG_WARN_ENUM_CONVERSION = YES;
				CLANG_WARN_INFINITE_RECURSION = YES;
				CLANG_WARN_INT_CONVERSION = YES;
				CLANG_WARN_NON_LITERAL_NULL_CONVERSION = YES;
				CLANG_WARN_OBJC_IMPLICIT_RETAIN_SELF = YES;
				CLANG_WARN_OBJC_LITERAL_CONVERSION = YES;
				CLANG_WARN_OBJC_ROOT_CLASS = YES_ERROR;
				CLANG_WARN_QUOTED_INCLUDE_IN_FRAMEWORK_HEADER = YES;
				CLANG_WARN_RANGE_LOOP_ANALYSIS = YES;
				CLANG_WARN_STRICT_PROTOTYPES = YES;
				CLANG_WARN_SUSPICIOUS_MOVE = YES;
				CLANG_WARN_UNGUARDED_AVAILABILITY = YES_AGGRESSIVE;
				CLANG_WARN_UNREACHABLE_CODE = YES;
				CLANG_WARN__DUPLICATE_METHOD_MATCH = YES;
				COPY_PHASE_STRIP = NO;
				DEBUG_INFORMATION_FORMAT = "dwarf-with-dsym";
				ENABLE_NS_ASSERTIONS = NO;
				ENABLE_STRICT_OBJC_MSGSEND = YES;
				GCC_C_LANGUAGE_STANDARD = gnu11;
				GCC_NO_COMMON_BLOCKS = YES;
				GCC_WARN_64_TO_32_BIT_CONVERSION = YES;
				GCC_WARN_ABOUT_RETURN_TYPE = YES_ERROR;
				GCC_WARN_UNDECLARED_SELECTOR = YES;
				GCC_WARN_UNINITIALIZED_AUTOS = YES_AGGRESSIVE;
				GCC_WARN_UNUSED_FUNCTION = YES;
				GCC_WARN_UNUSED_VARIABLE = YES;
				IPHONEOS_DEPLOYMENT_TARGET = 16.2;
				MTL_ENABLE_DEBUG_INFO = NO;
				MTL_FAST_MATH = YES;
				SDKROOT = iphoneos;
				SWIFT_COMPILATION_MODE = wholemodule;
				SWIFT_OPTIMIZATION_LEVEL = "-O";
				VALIDATE_PRODUCT = YES;
			};
			name = Release;
		};
		60B7F2E32B5EA559005A3D96 /* Debug */ = {
			isa = XCBuildConfiguration;
			buildSettings = {
				ASSETCATALOG_COMPILER_APPICON_NAME = AppIcon;
				ASSETCATALOG_COMPILER_GLOBAL_ACCENT_COLOR_NAME = AccentColor;
				CODE_SIGN_STYLE = Automatic;
				CURRENT_PROJECT_VERSION = 1;
				DEVELOPMENT_ASSET_PATHS = "\"AirDnd/Preview Content\"";
				DEVELOPMENT_TEAM = 6YD94LP682;
				ENABLE_PREVIEWS = YES;
				GENERATE_INFOPLIST_FILE = YES;
				INFOPLIST_KEY_UIApplicationSceneManifest_Generation = YES;
				INFOPLIST_KEY_UIApplicationSupportsIndirectInputEvents = YES;
				INFOPLIST_KEY_UILaunchScreen_Generation = YES;
				INFOPLIST_KEY_UISupportedInterfaceOrientations_iPad = "UIInterfaceOrientationPortrait UIInterfaceOrientationPortraitUpsideDown UIInterfaceOrientationLandscapeLeft UIInterfaceOrientationLandscapeRight";
				INFOPLIST_KEY_UISupportedInterfaceOrientations_iPhone = "UIInterfaceOrientationPortrait UIInterfaceOrientationLandscapeLeft UIInterfaceOrientationLandscapeRight";
				LD_RUNPATH_SEARCH_PATHS = (
					"$(inherited)",
					"@executable_path/Frameworks",
				);
				MARKETING_VERSION = 1.0;
				PRODUCT_BUNDLE_IDENTIFIER = flaviaarsuffi.AirDnd;
				PRODUCT_NAME = "$(TARGET_NAME)";
				SWIFT_EMIT_LOC_STRINGS = YES;
				SWIFT_VERSION = 5.0;
				TARGETED_DEVICE_FAMILY = "1,2";
			};
			name = Debug;
		};
		60B7F2E42B5EA559005A3D96 /* Release */ = {
			isa = XCBuildConfiguration;
			buildSettings = {
				ASSETCATALOG_COMPILER_APPICON_NAME = AppIcon;
				ASSETCATALOG_COMPILER_GLOBAL_ACCENT_COLOR_NAME = AccentColor;
				CODE_SIGN_STYLE = Automatic;
				CURRENT_PROJECT_VERSION = 1;
				DEVELOPMENT_ASSET_PATHS = "\"AirDnd/Preview Content\"";
				DEVELOPMENT_TEAM = 6YD94LP682;
				ENABLE_PREVIEWS = YES;
				GENERATE_INFOPLIST_FILE = YES;
				INFOPLIST_KEY_UIApplicationSceneManifest_Generation = YES;
				INFOPLIST_KEY_UIApplicationSupportsIndirectInputEvents = YES;
				INFOPLIST_KEY_UILaunchScreen_Generation = YES;
				INFOPLIST_KEY_UISupportedInterfaceOrientations_iPad = "UIInterfaceOrientationPortrait UIInterfaceOrientationPortraitUpsideDown UIInterfaceOrientationLandscapeLeft UIInterfaceOrientationLandscapeRight";
				INFOPLIST_KEY_UISupportedInterfaceOrientations_iPhone = "UIInterfaceOrientationPortrait UIInterfaceOrientationLandscapeLeft UIInterfaceOrientationLandscapeRight";
				LD_RUNPATH_SEARCH_PATHS = (
					"$(inherited)",
					"@executable_path/Frameworks",
				);
				MARKETING_VERSION = 1.0;
				PRODUCT_BUNDLE_IDENTIFIER = flaviaarsuffi.AirDnd;
				PRODUCT_NAME = "$(TARGET_NAME)";
				SWIFT_EMIT_LOC_STRINGS = YES;
				SWIFT_VERSION = 5.0;
				TARGETED_DEVICE_FAMILY = "1,2";
			};
			name = Release;
		};
/* End XCBuildConfiguration section */

/* Begin XCConfigurationList section */
		60B7F2CF2B5EA557005A3D96 /* Build configuration list for PBXProject "AirDnd" */ = {
			isa = XCConfigurationList;
			buildConfigurations = (
				60B7F2E02B5EA559005A3D96 /* Debug */,
				60B7F2E12B5EA559005A3D96 /* Release */,
			);
			defaultConfigurationIsVisible = 0;
			defaultConfigurationName = Release;
		};
		60B7F2E22B5EA559005A3D96 /* Build configuration list for PBXNativeTarget "AirDnd" */ = {
			isa = XCConfigurationList;
			buildConfigurations = (
				60B7F2E32B5EA559005A3D96 /* Debug */,
				60B7F2E42B5EA559005A3D96 /* Release */,
			);
			defaultConfigurationIsVisible = 0;
			defaultConfigurationName = Release;
		};
/* End XCConfigurationList section */
	};
	rootObject = 60B7F2CC2B5EA557005A3D96 /* Project object */;
}
